// !$*UTF8*$!
{
	archiveVersion = 1;
	classes = {
	};
	objectVersion = 48;
	objects = {

/* Begin PBXBuildFile section */
		4FC79D4CF41D26EA4BF59C7C /* Pods_BookStorePro.framework in Frameworks */ = {isa = PBXBuildFile; fileRef = 4EA5C1E6BF3DAA5D2B691E29 /* Pods_BookStorePro.framework */; };
		DF10C47F2047BDD700F270C2 /* AppDelegate.swift in Sources */ = {isa = PBXBuildFile; fileRef = DF10C47E2047BDD700F270C2 /* AppDelegate.swift */; };
		DF10C4812047BDD700F270C2 /* BooksViewController.swift in Sources */ = {isa = PBXBuildFile; fileRef = DF10C4802047BDD700F270C2 /* BooksViewController.swift */; };
		DF10C4842047BDD700F270C2 /* Main.storyboard in Resources */ = {isa = PBXBuildFile; fileRef = DF10C4822047BDD700F270C2 /* Main.storyboard */; };
		DF10C4872047BDD700F270C2 /* BookStorePro.xcdatamodeld in Sources */ = {isa = PBXBuildFile; fileRef = DF10C4852047BDD700F270C2 /* BookStorePro.xcdatamodeld */; };
		DF10C4892047BDD700F270C2 /* Assets.xcassets in Resources */ = {isa = PBXBuildFile; fileRef = DF10C4882047BDD700F270C2 /* Assets.xcassets */; };
		DF10C48C2047BDD700F270C2 /* LaunchScreen.storyboard in Resources */ = {isa = PBXBuildFile; fileRef = DF10C48A2047BDD700F270C2 /* LaunchScreen.storyboard */; };
		DF10C4972047CBA800F270C2 /* BookCell.swift in Sources */ = {isa = PBXBuildFile; fileRef = DF10C4962047CBA800F270C2 /* BookCell.swift */; };
		DF10C49B2047D13D00F270C2 /* Book.swift in Sources */ = {isa = PBXBuildFile; fileRef = DF10C49A2047D13D00F270C2 /* Book.swift */; };
		DF10C49E2049147400F270C2 /* BooksAPIService.swift in Sources */ = {isa = PBXBuildFile; fileRef = DF10C49D2049147400F270C2 /* BooksAPIService.swift */; };
		DF31CF77204ACC3300AFD673 /* AddBookViewController.swift in Sources */ = {isa = PBXBuildFile; fileRef = DF31CF76204ACC3300AFD673 /* AddBookViewController.swift */; };
		DF31CF7B204AF61500AFD673 /* BookDetailsViewController.swift in Sources */ = {isa = PBXBuildFile; fileRef = DF31CF7A204AF61500AFD673 /* BookDetailsViewController.swift */; };
/* End PBXBuildFile section */

/* Begin PBXFileReference section */
		4EA5C1E6BF3DAA5D2B691E29 /* Pods_BookStorePro.framework */ = {isa = PBXFileReference; explicitFileType = wrapper.framework; includeInIndex = 0; path = Pods_BookStorePro.framework; sourceTree = BUILT_PRODUCTS_DIR; };
		985EDF9B2942414A16D5E999 /* Pods-BookStorePro.debug.xcconfig */ = {isa = PBXFileReference; includeInIndex = 1; lastKnownFileType = text.xcconfig; name = "Pods-BookStorePro.debug.xcconfig"; path = "Pods/Target Support Files/Pods-BookStorePro/Pods-BookStorePro.debug.xcconfig"; sourceTree = "<group>"; };
		B5FF8EC1DC958731CEB6F45A /* Pods-BookStorePro.release.xcconfig */ = {isa = PBXFileReference; includeInIndex = 1; lastKnownFileType = text.xcconfig; name = "Pods-BookStorePro.release.xcconfig"; path = "Pods/Target Support Files/Pods-BookStorePro/Pods-BookStorePro.release.xcconfig"; sourceTree = "<group>"; };
		DF10C47B2047BDD600F270C2 /* BookStorePro.app */ = {isa = PBXFileReference; explicitFileType = wrapper.application; includeInIndex = 0; path = BookStorePro.app; sourceTree = BUILT_PRODUCTS_DIR; };
		DF10C47E2047BDD700F270C2 /* AppDelegate.swift */ = {isa = PBXFileReference; lastKnownFileType = sourcecode.swift; path = AppDelegate.swift; sourceTree = "<group>"; };
		DF10C4802047BDD700F270C2 /* BooksViewController.swift */ = {isa = PBXFileReference; lastKnownFileType = sourcecode.swift; path = BooksViewController.swift; sourceTree = "<group>"; };
		DF10C4832047BDD700F270C2 /* Base */ = {isa = PBXFileReference; lastKnownFileType = file.storyboard; name = Base; path = Base.lproj/Main.storyboard; sourceTree = "<group>"; };
		DF10C4862047BDD700F270C2 /* BookStorePro.xcdatamodel */ = {isa = PBXFileReference; lastKnownFileType = wrapper.xcdatamodel; path = BookStorePro.xcdatamodel; sourceTree = "<group>"; };
		DF10C4882047BDD700F270C2 /* Assets.xcassets */ = {isa = PBXFileReference; lastKnownFileType = folder.assetcatalog; path = Assets.xcassets; sourceTree = "<group>"; };
		DF10C48B2047BDD700F270C2 /* Base */ = {isa = PBXFileReference; lastKnownFileType = file.storyboard; name = Base; path = Base.lproj/LaunchScreen.storyboard; sourceTree = "<group>"; };
		DF10C48D2047BDD700F270C2 /* Info.plist */ = {isa = PBXFileReference; lastKnownFileType = text.plist.xml; path = Info.plist; sourceTree = "<group>"; };
		DF10C4962047CBA800F270C2 /* BookCell.swift */ = {isa = PBXFileReference; lastKnownFileType = sourcecode.swift; path = BookCell.swift; sourceTree = "<group>"; };
		DF10C49A2047D13D00F270C2 /* Book.swift */ = {isa = PBXFileReference; lastKnownFileType = sourcecode.swift; path = Book.swift; sourceTree = "<group>"; };
		DF10C49D2049147400F270C2 /* BooksAPIService.swift */ = {isa = PBXFileReference; lastKnownFileType = sourcecode.swift; path = BooksAPIService.swift; sourceTree = "<group>"; };
		DF31CF76204ACC3300AFD673 /* AddBookViewController.swift */ = {isa = PBXFileReference; lastKnownFileType = sourcecode.swift; path = AddBookViewController.swift; sourceTree = "<group>"; };
		DF31CF7A204AF61500AFD673 /* BookDetailsViewController.swift */ = {isa = PBXFileReference; lastKnownFileType = sourcecode.swift; path = BookDetailsViewController.swift; sourceTree = "<group>"; };
/* End PBXFileReference section */

/* Begin PBXFrameworksBuildPhase section */
		DF10C4782047BDD600F270C2 /* Frameworks */ = {
			isa = PBXFrameworksBuildPhase;
			buildActionMask = 2147483647;
			files = (
				4FC79D4CF41D26EA4BF59C7C /* Pods_BookStorePro.framework in Frameworks */,
			);
			runOnlyForDeploymentPostprocessing = 0;
		};
/* End PBXFrameworksBuildPhase section */

/* Begin PBXGroup section */
		079D3D20FF17A65F6853F605 /* Frameworks */ = {
			isa = PBXGroup;
			children = (
				4EA5C1E6BF3DAA5D2B691E29 /* Pods_BookStorePro.framework */,
			);
			name = Frameworks;
			sourceTree = "<group>";
		};
		2DEC1BD25AFE5CA48E99AB0C /* Pods */ = {
			isa = PBXGroup;
			children = (
				985EDF9B2942414A16D5E999 /* Pods-BookStorePro.debug.xcconfig */,
				B5FF8EC1DC958731CEB6F45A /* Pods-BookStorePro.release.xcconfig */,
			);
			name = Pods;
			sourceTree = "<group>";
		};
		DF10C4722047BDD600F270C2 = {
			isa = PBXGroup;
			children = (
				DF10C47D2047BDD600F270C2 /* BookStorePro */,
				DF10C47C2047BDD600F270C2 /* Products */,
				2DEC1BD25AFE5CA48E99AB0C /* Pods */,
				079D3D20FF17A65F6853F605 /* Frameworks */,
			);
			sourceTree = "<group>";
		};
		DF10C47C2047BDD600F270C2 /* Products */ = {
			isa = PBXGroup;
			children = (
				DF10C47B2047BDD600F270C2 /* BookStorePro.app */,
			);
			name = Products;
			sourceTree = "<group>";
		};
		DF10C47D2047BDD600F270C2 /* BookStorePro */ = {
			isa = PBXGroup;
			children = (
				DF10C49C204913E700F270C2 /* Services */,
				DF10C4952047C9CB00F270C2 /* Controller */,
				DF10C4942047C9C100F270C2 /* View */,
				DF10C4932047C9B700F270C2 /* Modal */,
				DF10C47E2047BDD700F270C2 /* AppDelegate.swift */,
				DF10C4882047BDD700F270C2 /* Assets.xcassets */,
				DF10C48A2047BDD700F270C2 /* LaunchScreen.storyboard */,
				DF10C48D2047BDD700F270C2 /* Info.plist */,
				DF10C4852047BDD700F270C2 /* BookStorePro.xcdatamodeld */,
			);
			path = BookStorePro;
			sourceTree = "<group>";
		};
		DF10C4932047C9B700F270C2 /* Modal */ = {
			isa = PBXGroup;
			children = (
				DF10C49A2047D13D00F270C2 /* Book.swift */,
			);
			path = Modal;
			sourceTree = "<group>";
		};
		DF10C4942047C9C100F270C2 /* View */ = {
			isa = PBXGroup;
			children = (
				DF10C4962047CBA800F270C2 /* BookCell.swift */,
				DF10C4822047BDD700F270C2 /* Main.storyboard */,
			);
			path = View;
			sourceTree = "<group>";
		};
		DF10C4952047C9CB00F270C2 /* Controller */ = {
			isa = PBXGroup;
			children = (
				DF10C4802047BDD700F270C2 /* BooksViewController.swift */,
				DF31CF76204ACC3300AFD673 /* AddBookViewController.swift */,
				DF31CF7A204AF61500AFD673 /* BookDetailsViewController.swift */,
			);
			path = Controller;
			sourceTree = "<group>";
		};
		DF10C49C204913E700F270C2 /* Services */ = {
			isa = PBXGroup;
			children = (
				DF10C49D2049147400F270C2 /* BooksAPIService.swift */,
			);
			path = Services;
			sourceTree = "<group>";
		};
/* End PBXGroup section */

/* Begin PBXNativeTarget section */
		DF10C47A2047BDD600F270C2 /* BookStorePro */ = {
			isa = PBXNativeTarget;
			buildConfigurationList = DF10C4902047BDD700F270C2 /* Build configuration list for PBXNativeTarget "BookStorePro" */;
			buildPhases = (
				AC2F5B9653D50D63EF4E781A /* [CP] Check Pods Manifest.lock */,
				DF10C4772047BDD600F270C2 /* Sources */,
				DF10C4782047BDD600F270C2 /* Frameworks */,
				DF10C4792047BDD600F270C2 /* Resources */,
				15DDE279D1510715E92A22E6 /* [CP] Embed Pods Frameworks */,
				3D8F790C65CC12451B2A3EDB /* [CP] Copy Pods Resources */,
			);
			buildRules = (
			);
			dependencies = (
			);
			name = BookStorePro;
			productName = BookStorePro;
			productReference = DF10C47B2047BDD600F270C2 /* BookStorePro.app */;
			productType = "com.apple.product-type.application";
		};
/* End PBXNativeTarget section */

/* Begin PBXProject section */
		DF10C4732047BDD600F270C2 /* Project object */ = {
			isa = PBXProject;
			attributes = {
				LastSwiftUpdateCheck = 0920;
				LastUpgradeCheck = 0920;
				ORGANIZATIONNAME = com.preethichimerla;
				TargetAttributes = {
					DF10C47A2047BDD600F270C2 = {
						CreatedOnToolsVersion = 9.2;
						ProvisioningStyle = Automatic;
					};
				};
			};
			buildConfigurationList = DF10C4762047BDD600F270C2 /* Build configuration list for PBXProject "BookStorePro" */;
			compatibilityVersion = "Xcode 8.0";
			developmentRegion = en;
			hasScannedForEncodings = 0;
			knownRegions = (
				en,
				Base,
			);
			mainGroup = DF10C4722047BDD600F270C2;
			productRefGroup = DF10C47C2047BDD600F270C2 /* Products */;
			projectDirPath = "";
			projectRoot = "";
			targets = (
				DF10C47A2047BDD600F270C2 /* BookStorePro */,
			);
		};
/* End PBXProject section */

/* Begin PBXResourcesBuildPhase section */
		DF10C4792047BDD600F270C2 /* Resources */ = {
			isa = PBXResourcesBuildPhase;
			buildActionMask = 2147483647;
			files = (
				DF10C48C2047BDD700F270C2 /* LaunchScreen.storyboard in Resources */,
				DF10C4892047BDD700F270C2 /* Assets.xcassets in Resources */,
				DF10C4842047BDD700F270C2 /* Main.storyboard in Resources */,
			);
			runOnlyForDeploymentPostprocessing = 0;
		};
/* End PBXResourcesBuildPhase section */

/* Begin PBXShellScriptBuildPhase section */
		15DDE279D1510715E92A22E6 /* [CP] Embed Pods Frameworks */ = {
			isa = PBXShellScriptBuildPhase;
			buildActionMask = 2147483647;
			files = (
			);
			inputPaths = (
				"${SRCROOT}/Pods/Target Support Files/Pods-BookStorePro/Pods-BookStorePro-frameworks.sh",
				"${BUILT_PRODUCTS_DIR}/Alamofire/Alamofire.framework",
			);
			name = "[CP] Embed Pods Frameworks";
			outputPaths = (
				"${TARGET_BUILD_DIR}/${FRAMEWORKS_FOLDER_PATH}/Alamofire.framework",
			);
			runOnlyForDeploymentPostprocessing = 0;
			shellPath = /bin/sh;
			shellScript = "\"${SRCROOT}/Pods/Target Support Files/Pods-BookStorePro/Pods-BookStorePro-frameworks.sh\"\n";
			showEnvVarsInLog = 0;
		};
		3D8F790C65CC12451B2A3EDB /* [CP] Copy Pods Resources */ = {
			isa = PBXShellScriptBuildPhase;
			buildActionMask = 2147483647;
			files = (
			);
			inputPaths = (
			);
			name = "[CP] Copy Pods Resources";
			outputPaths = (
			);
			runOnlyForDeploymentPostprocessing = 0;
			shellPath = /bin/sh;
			shellScript = "\"${SRCROOT}/Pods/Target Support Files/Pods-BookStorePro/Pods-BookStorePro-resources.sh\"\n";
			showEnvVarsInLog = 0;
		};
		AC2F5B9653D50D63EF4E781A /* [CP] Check Pods Manifest.lock */ = {
			isa = PBXShellScriptBuildPhase;
			buildActionMask = 2147483647;
			files = (
			);
			inputPaths = (
				"${PODS_PODFILE_DIR_PATH}/Podfile.lock",
				"${PODS_ROOT}/Manifest.lock",
			);
			name = "[CP] Check Pods Manifest.lock";
			outputPaths = (
				"$(DERIVED_FILE_DIR)/Pods-BookStorePro-checkManifestLockResult.txt",
			);
			runOnlyForDeploymentPostprocessing = 0;
			shellPath = /bin/sh;
			shellScript = "diff \"${PODS_PODFILE_DIR_PATH}/Podfile.lock\" \"${PODS_ROOT}/Manifest.lock\" > /dev/null\nif [ $? != 0 ] ; then\n    # print error to STDERR\n    echo \"error: The sandbox is not in sync with the Podfile.lock. Run 'pod install' or update your CocoaPods installation.\" >&2\n    exit 1\nfi\n# This output is used by Xcode 'outputs' to avoid re-running this script phase.\necho \"SUCCESS\" > \"${SCRIPT_OUTPUT_FILE_0}\"\n";
			showEnvVarsInLog = 0;
		};
/* End PBXShellScriptBuildPhase section */

/* Begin PBXSourcesBuildPhase section */
		DF10C4772047BDD600F270C2 /* Sources */ = {
			isa = PBXSourcesBuildPhase;
			buildActionMask = 2147483647;
			files = (
				DF10C4972047CBA800F270C2 /* BookCell.swift in Sources */,
				DF10C49E2049147400F270C2 /* BooksAPIService.swift in Sources */,
				DF31CF7B204AF61500AFD673 /* BookDetailsViewController.swift in Sources */,
				DF10C4812047BDD700F270C2 /* BooksViewController.swift in Sources */,
				DF10C4872047BDD700F270C2 /* BookStorePro.xcdatamodeld in Sources */,
				DF31CF77204ACC3300AFD673 /* AddBookViewController.swift in Sources */,
				DF10C49B2047D13D00F270C2 /* Book.swift in Sources */,
				DF10C47F2047BDD700F270C2 /* AppDelegate.swift in Sources */,
			);
			runOnlyForDeploymentPostprocessing = 0;
		};
/* End PBXSourcesBuildPhase section */

/* Begin PBXVariantGroup section */
		DF10C4822047BDD700F270C2 /* Main.storyboard */ = {
			isa = PBXVariantGroup;
			children = (
				DF10C4832047BDD700F270C2 /* Base */,
			);
			name = Main.storyboard;
			sourceTree = "<group>";
		};
		DF10C48A2047BDD700F270C2 /* LaunchScreen.storyboard */ = {
			isa = PBXVariantGroup;
			children = (
				DF10C48B2047BDD700F270C2 /* Base */,
			);
			name = LaunchScreen.storyboard;
			sourceTree = "<group>";
		};
/* End PBXVariantGroup section */

/* Begin XCBuildConfiguration section */
		DF10C48E2047BDD700F270C2 /* Debug */ = {
			isa = XCBuildConfiguration;
			buildSettings = {
				ALWAYS_SEARCH_USER_PATHS = NO;
				CLANG_ANALYZER_NONNULL = YES;
				CLANG_ANALYZER_NUMBER_OBJECT_CONVERSION = YES_AGGRESSIVE;
				CLANG_CXX_LANGUAGE_STANDARD = "gnu++14";
				CLANG_CXX_LIBRARY = "libc++";
				CLANG_ENABLE_MODULES = YES;
				CLANG_ENABLE_OBJC_ARC = YES;
				CLANG_WARN_BLOCK_CAPTURE_AUTORELEASING = YES;
				CLANG_WARN_BOOL_CONVERSION = YES;
				CLANG_WARN_COMMA = YES;
				CLANG_WARN_CONSTANT_CONVERSION = YES;
				CLANG_WARN_DIRECT_OBJC_ISA_USAGE = YES_ERROR;
				CLANG_WARN_DOCUMENTATION_COMMENTS = YES;
				CLANG_WARN_EMPTY_BODY = YES;
				CLANG_WARN_ENUM_CONVERSION = YES;
				CLANG_WARN_INFINITE_RECURSION = YES;
				CLANG_WARN_INT_CONVERSION = YES;
				CLANG_WARN_NON_LITERAL_NULL_CONVERSION = YES;
				CLANG_WARN_OBJC_LITERAL_CONVERSION = YES;
				CLANG_WARN_OBJC_ROOT_CLASS = YES_ERROR;
				CLANG_WARN_RANGE_LOOP_ANALYSIS = YES;
				CLANG_WARN_STRICT_PROTOTYPES = YES;
				CLANG_WARN_SUSPICIOUS_MOVE = YES;
				CLANG_WARN_UNGUARDED_AVAILABILITY = YES_AGGRESSIVE;
				CLANG_WARN_UNREACHABLE_CODE = YES;
				CLANG_WARN__DUPLICATE_METHOD_MATCH = YES;
				CODE_SIGN_IDENTITY = "iPhone Developer";
				COPY_PHASE_STRIP = NO;
				DEBUG_INFORMATION_FORMAT = dwarf;
				ENABLE_STRICT_OBJC_MSGSEND = YES;
				ENABLE_TESTABILITY = YES;
				GCC_C_LANGUAGE_STANDARD = gnu11;
				GCC_DYNAMIC_NO_PIC = NO;
				GCC_NO_COMMON_BLOCKS = YES;
				GCC_OPTIMIZATION_LEVEL = 0;
				GCC_PREPROCESSOR_DEFINITIONS = (
					"DEBUG=1",
					"$(inherited)",
				);
				GCC_WARN_64_TO_32_BIT_CONVERSION = YES;
				GCC_WARN_ABOUT_RETURN_TYPE = YES_ERROR;
				GCC_WARN_UNDECLARED_SELECTOR = YES;
				GCC_WARN_UNINITIALIZED_AUTOS = YES_AGGRESSIVE;
				GCC_WARN_UNUSED_FUNCTION = YES;
				GCC_WARN_UNUSED_VARIABLE = YES;
				IPHONEOS_DEPLOYMENT_TARGET = 11.2;
				MTL_ENABLE_DEBUG_INFO = YES;
				ONLY_ACTIVE_ARCH = YES;
				SDKROOT = iphoneos;
				SWIFT_ACTIVE_COMPILATION_CONDITIONS = DEBUG;
				SWIFT_OPTIMIZATION_LEVEL = "-Onone";
			};
			name = Debug;
		};
		DF10C48F2047BDD700F270C2 /* Release */ = {
			isa = XCBuildConfiguration;
			buildSettings = {
				ALWAYS_SEARCH_USER_PATHS = NO;
				CLANG_ANALYZER_NONNULL = YES;
				CLANG_ANALYZER_NUMBER_OBJECT_CONVERSION = YES_AGGRESSIVE;
				CLANG_CXX_LANGUAGE_STANDARD = "gnu++14";
				CLANG_CXX_LIBRARY = "libc++";
				CLANG_ENABLE_MODULES = YES;
				CLANG_ENABLE_OBJC_ARC = YES;
				CLANG_WARN_BLOCK_CAPTURE_AUTORELEASING = YES;
				CLANG_WARN_BOOL_CONVERSION = YES;
				CLANG_WARN_COMMA = YES;
				CLANG_WARN_CONSTANT_CONVERSION = YES;
				CLANG_WARN_DIRECT_OBJC_ISA_USAGE = YES_ERROR;
				CLANG_WARN_DOCUMENTATION_COMMENTS = YES;
				CLANG_WARN_EMPTY_BODY = YES;
				CLANG_WARN_ENUM_CONVERSION = YES;
				CLANG_WARN_INFINITE_RECURSION = YES;
				CLANG_WARN_INT_CONVERSION = YES;
				CLANG_WARN_NON_LITERAL_NULL_CONVERSION = YES;
				CLANG_WARN_OBJC_LITERAL_CONVERSION = YES;
				CLANG_WARN_OBJC_ROOT_CLASS = YES_ERROR;
				CLANG_WARN_RANGE_LOOP_ANALYSIS = YES;
				CLANG_WARN_STRICT_PROTOTYPES = YES;
				CLANG_WARN_SUSPICIOUS_MOVE = YES;
				CLANG_WARN_UNGUARDED_AVAILABILITY = YES_AGGRESSIVE;
				CLANG_WARN_UNREACHABLE_CODE = YES;
				CLANG_WARN__DUPLICATE_METHOD_MATCH = YES;
				CODE_SIGN_IDENTITY = "iPhone Developer";
				COPY_PHASE_STRIP = NO;
				DEBUG_INFORMATION_FORMAT = "dwarf-with-dsym";
				ENABLE_NS_ASSERTIONS = NO;
				ENABLE_STRICT_OBJC_MSGSEND = YES;
				GCC_C_LANGUAGE_STANDARD = gnu11;
				GCC_NO_COMMON_BLOCKS = YES;
				GCC_WARN_64_TO_32_BIT_CONVERSION = YES;
				GCC_WARN_ABOUT_RETURN_TYPE = YES_ERROR;
				GCC_WARN_UNDECLARED_SELECTOR = YES;
				GCC_WARN_UNINITIALIZED_AUTOS = YES_AGGRESSIVE;
				GCC_WARN_UNUSED_FUNCTION = YES;
				GCC_WARN_UNUSED_VARIABLE = YES;
				IPHONEOS_DEPLOYMENT_TARGET = 11.2;
				MTL_ENABLE_DEBUG_INFO = NO;
				SDKROOT = iphoneos;
				SWIFT_OPTIMIZATION_LEVEL = "-Owholemodule";
				VALIDATE_PRODUCT = YES;
			};
			name = Release;
		};
		DF10C4912047BDD700F270C2 /* Debug */ = {
			isa = XCBuildConfiguration;
			baseConfigurationReference = 985EDF9B2942414A16D5E999 /* Pods-BookStorePro.debug.xcconfig */;
			buildSettings = {
				ASSETCATALOG_COMPILER_APPICON_NAME = AppIcon;
				CODE_SIGN_STYLE = Automatic;
				DEVELOPMENT_TEAM = STGTWG3DDB;
				INFOPLIST_FILE = BookStorePro/Info.plist;
				IPHONEOS_DEPLOYMENT_TARGET = 10.0;
				LD_RUNPATH_SEARCH_PATHS = "$(inherited) @executable_path/Frameworks";
				PRODUCT_BUNDLE_IDENTIFIER = com.preethichimerla.BookStorePro;
				PRODUCT_NAME = "$(TARGET_NAME)";
				SWIFT_VERSION = 4.0;
				TARGETED_DEVICE_FAMILY = 1;
			};
			name = Debug;
		};
		DF10C4922047BDD700F270C2 /* Release */ = {
			isa = XCBuildConfiguration;
			baseConfigurationReference = B5FF8EC1DC958731CEB6F45A /* Pods-BookStorePro.release.xcconfig */;
			buildSettings = {
				ASSETCATALOG_COMPILER_APPICON_NAME = AppIcon;
				CODE_SIGN_STYLE = Automatic;
				DEVELOPMENT_TEAM = STGTWG3DDB;
				INFOPLIST_FILE = BookStorePro/Info.plist;
				IPHONEOS_DEPLOYMENT_TARGET = 10.0;
				LD_RUNPATH_SEARCH_PATHS = "$(inherited) @executable_path/Frameworks";
				PRODUCT_BUNDLE_IDENTIFIER = com.preethichimerla.BookStorePro;
				PRODUCT_NAME = "$(TARGET_NAME)";
				SWIFT_VERSION = 4.0;
				TARGETED_DEVICE_FAMILY = 1;
			};
			name = Release;
		};
/* End XCBuildConfiguration section */

/* Begin XCConfigurationList section */
		DF10C4762047BDD600F270C2 /* Build configuration list for PBXProject "BookStorePro" */ = {
			isa = XCConfigurationList;
			buildConfigurations = (
				DF10C48E2047BDD700F270C2 /* Debug */,
				DF10C48F2047BDD700F270C2 /* Release */,
			);
			defaultConfigurationIsVisible = 0;
			defaultConfigurationName = Release;
		};
		DF10C4902047BDD700F270C2 /* Build configuration list for PBXNativeTarget "BookStorePro" */ = {
			isa = XCConfigurationList;
			buildConfigurations = (
				DF10C4912047BDD700F270C2 /* Debug */,
				DF10C4922047BDD700F270C2 /* Release */,
			);
			defaultConfigurationIsVisible = 0;
			defaultConfigurationName = Release;
		};
/* End XCConfigurationList section */

/* Begin XCVersionGroup section */
		DF10C4852047BDD700F270C2 /* BookStorePro.xcdatamodeld */ = {
			isa = XCVersionGroup;
			children = (
				DF10C4862047BDD700F270C2 /* BookStorePro.xcdatamodel */,
			);
			currentVersion = DF10C4862047BDD700F270C2 /* BookStorePro.xcdatamodel */;
			path = BookStorePro.xcdatamodeld;
			sourceTree = "<group>";
			versionGroupType = wrapper.xcdatamodel;
		};
/* End XCVersionGroup section */
	};
	rootObject = DF10C4732047BDD600F270C2 /* Project object */;
}
